
Microsoft Visual Studio Solution File, Format Version 12.00
# Visual Studio 15
VisualStudioVersion = 15.0.28010.2050
MinimumVisualStudioVersion = 10.0.40219.1
Project("{E24C65DC-7377-472B-9ABA-BC803B73C61A}") = "ProyectoVers_01", "ProyectoVers_01\", "{19D4E4F1-9369-403E-9D82-F9CDA72B90B8}"
	ProjectSection(WebsiteProperties) = preProject
		TargetFrameworkMoniker = ".NETFramework,Version%3Dv4.6.1"
		Debug.AspNetCompiler.VirtualPath = "/localhost_57915"
		Debug.AspNetCompiler.PhysicalPath = "ProyectoVers_01\"
		Debug.AspNetCompiler.TargetPath = "PrecompiledWeb\localhost_57915\"
		Debug.AspNetCompiler.Updateable = "true"
		Debug.AspNetCompiler.ForceOverwrite = "true"
		Debug.AspNetCompiler.FixedNames = "false"
		Debug.AspNetCompiler.Debug = "True"
		Release.AspNetCompiler.VirtualPath = "/localhost_57915"
		Release.AspNetCompiler.PhysicalPath = "ProyectoVers_01\"
		Release.AspNetCompiler.TargetPath = "PrecompiledWeb\localhost_57915\"
		Release.AspNetCompiler.Updateable = "true"
		Release.AspNetCompiler.ForceOverwrite = "true"
		Release.AspNetCompiler.FixedNames = "false"
		Release.AspNetCompiler.Debug = "False"
		VWDPort = "57915"
		DefaultWebSiteLanguage = "Visual C#"
	EndProjectSection
EndProject
Global
	GlobalSection(SolutionConfigurationPlatforms) = preSolution
		Debug|Any CPU = Debug|Any CPU
	EndGlobalSection
	GlobalSection(ProjectConfigurationPlatforms) = postSolution
		{19D4E4F1-9369-403E-9D82-F9CDA72B90B8}.Debug|Any CPU.ActiveCfg = Debug|Any CPU
		{19D4E4F1-9369-403E-9D82-F9CDA72B90B8}.Debug|Any CPU.Build.0 = Debug|Any CPU
	EndGlobalSection
	GlobalSection(SolutionProperties) = preSolution
		HideSolutionNode = FALSE
	EndGlobalSection
	GlobalSection(ExtensibilityGlobals) = postSolution
		SolutionGuid = {D24D6778-D2E5-4F52-A788-86E7290AB190}
	EndGlobalSection
EndGlobal
